// !$*UTF8*$!
{
	archiveVersion = 1;
	classes = {
	};
	objectVersion = 50;
	objects = {

/* Begin PBXBuildFile section */
		2EB8771B24E4086F00C0EDB1 /* AppDelegate.swift in Sources */ = {isa = PBXBuildFile; fileRef = 2EB8771A24E4086F00C0EDB1 /* AppDelegate.swift */; };
		2EB8771D24E4086F00C0EDB1 /* SceneDelegate.swift in Sources */ = {isa = PBXBuildFile; fileRef = 2EB8771C24E4086F00C0EDB1 /* SceneDelegate.swift */; };
		2EB8771F24E4086F00C0EDB1 /* ViewController.swift in Sources */ = {isa = PBXBuildFile; fileRef = 2EB8771E24E4086F00C0EDB1 /* ViewController.swift */; };
		2EB8772224E4086F00C0EDB1 /* Main.storyboard in Resources */ = {isa = PBXBuildFile; fileRef = 2EB8772024E4086F00C0EDB1 /* Main.storyboard */; };
		2EB8772424E4087500C0EDB1 /* Assets.xcassets in Resources */ = {isa = PBXBuildFile; fileRef = 2EB8772324E4087500C0EDB1 /* Assets.xcassets */; };
		2EB8772724E4087500C0EDB1 /* LaunchScreen.storyboard in Resources */ = {isa = PBXBuildFile; fileRef = 2EB8772524E4087500C0EDB1 /* LaunchScreen.storyboard */; };
		2EB8773224E4087500C0EDB1 /* VirtualTouristTests.swift in Sources */ = {isa = PBXBuildFile; fileRef = 2EB8773124E4087500C0EDB1 /* VirtualTouristTests.swift */; };
		2EB8773D24E4087500C0EDB1 /* VirtualTouristUITests.swift in Sources */ = {isa = PBXBuildFile; fileRef = 2EB8773C24E4087500C0EDB1 /* VirtualTouristUITests.swift */; };
		2EB8774D24E40A6700C0EDB1 /* VirtualTourist.xcdatamodeld in Sources */ = {isa = PBXBuildFile; fileRef = 2EB8774B24E40A6700C0EDB1 /* VirtualTourist.xcdatamodeld */; };
/* End PBXBuildFile section */

/* Begin PBXContainerItemProxy section */
		2EB8772E24E4087500C0EDB1 /* PBXContainerItemProxy */ = {
			isa = PBXContainerItemProxy;
			containerPortal = 2EB8770F24E4086F00C0EDB1 /* Project object */;
			proxyType = 1;
			remoteGlobalIDString = 2EB8771624E4086F00C0EDB1;
			remoteInfo = VirtualTourist;
		};
		2EB8773924E4087500C0EDB1 /* PBXContainerItemProxy */ = {
			isa = PBXContainerItemProxy;
			containerPortal = 2EB8770F24E4086F00C0EDB1 /* Project object */;
			proxyType = 1;
			remoteGlobalIDString = 2EB8771624E4086F00C0EDB1;
			remoteInfo = VirtualTourist;
		};
/* End PBXContainerItemProxy section */

/* Begin PBXFileReference section */
		2EB8771724E4086F00C0EDB1 /* VirtualTourist.app */ = {isa = PBXFileReference; explicitFileType = wrapper.application; includeInIndex = 0; path = VirtualTourist.app; sourceTree = BUILT_PRODUCTS_DIR; };
		2EB8771A24E4086F00C0EDB1 /* AppDelegate.swift */ = {isa = PBXFileReference; lastKnownFileType = sourcecode.swift; path = AppDelegate.swift; sourceTree = "<group>"; };
		2EB8771C24E4086F00C0EDB1 /* SceneDelegate.swift */ = {isa = PBXFileReference; lastKnownFileType = sourcecode.swift; path = SceneDelegate.swift; sourceTree = "<group>"; };
		2EB8771E24E4086F00C0EDB1 /* ViewController.swift */ = {isa = PBXFileReference; lastKnownFileType = sourcecode.swift; path = ViewController.swift; sourceTree = "<group>"; };
		2EB8772124E4086F00C0EDB1 /* Base */ = {isa = PBXFileReference; lastKnownFileType = file.storyboard; name = Base; path = Base.lproj/Main.storyboard; sourceTree = "<group>"; };
		2EB8772324E4087500C0EDB1 /* Assets.xcassets */ = {isa = PBXFileReference; lastKnownFileType = folder.assetcatalog; path = Assets.xcassets; sourceTree = "<group>"; };
		2EB8772624E4087500C0EDB1 /* Base */ = {isa = PBXFileReference; lastKnownFileType = file.storyboard; name = Base; path = Base.lproj/LaunchScreen.storyboard; sourceTree = "<group>"; };
		2EB8772824E4087500C0EDB1 /* Info.plist */ = {isa = PBXFileReference; lastKnownFileType = text.plist.xml; path = Info.plist; sourceTree = "<group>"; };
		2EB8772D24E4087500C0EDB1 /* VirtualTouristTests.xctest */ = {isa = PBXFileReference; explicitFileType = wrapper.cfbundle; includeInIndex = 0; path = VirtualTouristTests.xctest; sourceTree = BUILT_PRODUCTS_DIR; };
		2EB8773124E4087500C0EDB1 /* VirtualTouristTests.swift */ = {isa = PBXFileReference; lastKnownFileType = sourcecode.swift; path = VirtualTouristTests.swift; sourceTree = "<group>"; };
		2EB8773324E4087500C0EDB1 /* Info.plist */ = {isa = PBXFileReference; lastKnownFileType = text.plist.xml; path = Info.plist; sourceTree = "<group>"; };
		2EB8773824E4087500C0EDB1 /* VirtualTouristUITests.xctest */ = {isa = PBXFileReference; explicitFileType = wrapper.cfbundle; includeInIndex = 0; path = VirtualTouristUITests.xctest; sourceTree = BUILT_PRODUCTS_DIR; };
		2EB8773C24E4087500C0EDB1 /* VirtualTouristUITests.swift */ = {isa = PBXFileReference; lastKnownFileType = sourcecode.swift; path = VirtualTouristUITests.swift; sourceTree = "<group>"; };
		2EB8773E24E4087500C0EDB1 /* Info.plist */ = {isa = PBXFileReference; lastKnownFileType = text.plist.xml; path = Info.plist; sourceTree = "<group>"; };
		2EB8774C24E40A6700C0EDB1 /* VirtualTourist.xcdatamodel */ = {isa = PBXFileReference; lastKnownFileType = wrapper.xcdatamodel; path = VirtualTourist.xcdatamodel; sourceTree = "<group>"; };
/* End PBXFileReference section */

/* Begin PBXFrameworksBuildPhase section */
		2EB8771424E4086F00C0EDB1 /* Frameworks */ = {
			isa = PBXFrameworksBuildPhase;
			buildActionMask = 2147483647;
			files = (
			);
			runOnlyForDeploymentPostprocessing = 0;
		};
		2EB8772A24E4087500C0EDB1 /* Frameworks */ = {
			isa = PBXFrameworksBuildPhase;
			buildActionMask = 2147483647;
			files = (
			);
			runOnlyForDeploymentPostprocessing = 0;
		};
		2EB8773524E4087500C0EDB1 /* Frameworks */ = {
			isa = PBXFrameworksBuildPhase;
			buildActionMask = 2147483647;
			files = (
			);
			runOnlyForDeploymentPostprocessing = 0;
		};
/* End PBXFrameworksBuildPhase section */

/* Begin PBXGroup section */
		2EB8770E24E4086F00C0EDB1 = {
			isa = PBXGroup;
			children = (
				2EB8774A24E40A1A00C0EDB1 /* Modal */,
				2EB8771924E4086F00C0EDB1 /* VirtualTourist */,
				2EB8773024E4087500C0EDB1 /* VirtualTouristTests */,
				2EB8773B24E4087500C0EDB1 /* VirtualTouristUITests */,
				2EB8771824E4086F00C0EDB1 /* Products */,
			);
			sourceTree = "<group>";
		};
		2EB8771824E4086F00C0EDB1 /* Products */ = {
			isa = PBXGroup;
			children = (
				2EB8771724E4086F00C0EDB1 /* VirtualTourist.app */,
				2EB8772D24E4087500C0EDB1 /* VirtualTouristTests.xctest */,
				2EB8773824E4087500C0EDB1 /* VirtualTouristUITests.xctest */,
			);
			name = Products;
			sourceTree = "<group>";
		};
		2EB8771924E4086F00C0EDB1 /* VirtualTourist */ = {
			isa = PBXGroup;
			children = (
				2EB8771A24E4086F00C0EDB1 /* AppDelegate.swift */,
				2EB8771C24E4086F00C0EDB1 /* SceneDelegate.swift */,
				2EB8771E24E4086F00C0EDB1 /* ViewController.swift */,
				2EB8772024E4086F00C0EDB1 /* Main.storyboard */,
				2EB8772324E4087500C0EDB1 /* Assets.xcassets */,
				2EB8772524E4087500C0EDB1 /* LaunchScreen.storyboard */,
				2EB8772824E4087500C0EDB1 /* Info.plist */,
			);
			path = VirtualTourist;
			sourceTree = "<group>";
		};
		2EB8773024E4087500C0EDB1 /* VirtualTouristTests */ = {
			isa = PBXGroup;
			children = (
				2EB8773124E4087500C0EDB1 /* VirtualTouristTests.swift */,
				2EB8773324E4087500C0EDB1 /* Info.plist */,
			);
			path = VirtualTouristTests;
			sourceTree = "<group>";
		};
		2EB8773B24E4087500C0EDB1 /* VirtualTouristUITests */ = {
			isa = PBXGroup;
			children = (
				2EB8773C24E4087500C0EDB1 /* VirtualTouristUITests.swift */,
				2EB8773E24E4087500C0EDB1 /* Info.plist */,
			);
			path = VirtualTouristUITests;
			sourceTree = "<group>";
		};
		2EB8774A24E40A1A00C0EDB1 /* Modal */ = {
			isa = PBXGroup;
			children = (
				2EB8774B24E40A6700C0EDB1 /* VirtualTourist.xcdatamodeld */,
			);
			path = Modal;
			sourceTree = "<group>";
		};
/* End PBXGroup section */

/* Begin PBXNativeTarget section */
		2EB8771624E4086F00C0EDB1 /* VirtualTourist */ = {
			isa = PBXNativeTarget;
			buildConfigurationList = 2EB8774124E4087500C0EDB1 /* Build configuration list for PBXNativeTarget "VirtualTourist" */;
			buildPhases = (
				2EB8771324E4086F00C0EDB1 /* Sources */,
				2EB8771424E4086F00C0EDB1 /* Frameworks */,
				2EB8771524E4086F00C0EDB1 /* Resources */,
			);
			buildRules = (
			);
			dependencies = (
			);
			name = VirtualTourist;
			productName = VirtualTourist;
			productReference = 2EB8771724E4086F00C0EDB1 /* VirtualTourist.app */;
			productType = "com.apple.product-type.application";
		};
		2EB8772C24E4087500C0EDB1 /* VirtualTouristTests */ = {
			isa = PBXNativeTarget;
			buildConfigurationList = 2EB8774424E4087500C0EDB1 /* Build configuration list for PBXNativeTarget "VirtualTouristTests" */;
			buildPhases = (
				2EB8772924E4087500C0EDB1 /* Sources */,
				2EB8772A24E4087500C0EDB1 /* Frameworks */,
				2EB8772B24E4087500C0EDB1 /* Resources */,
			);
			buildRules = (
			);
			dependencies = (
				2EB8772F24E4087500C0EDB1 /* PBXTargetDependency */,
			);
			name = VirtualTouristTests;
			productName = VirtualTouristTests;
			productReference = 2EB8772D24E4087500C0EDB1 /* VirtualTouristTests.xctest */;
			productType = "com.apple.product-type.bundle.unit-test";
		};
		2EB8773724E4087500C0EDB1 /* VirtualTouristUITests */ = {
			isa = PBXNativeTarget;
			buildConfigurationList = 2EB8774724E4087500C0EDB1 /* Build configuration list for PBXNativeTarget "VirtualTouristUITests" */;
			buildPhases = (
				2EB8773424E4087500C0EDB1 /* Sources */,
				2EB8773524E4087500C0EDB1 /* Frameworks */,
				2EB8773624E4087500C0EDB1 /* Resources */,
			);
			buildRules = (
			);
			dependencies = (
				2EB8773A24E4087500C0EDB1 /* PBXTargetDependency */,
			);
			name = VirtualTouristUITests;
			productName = VirtualTouristUITests;
			productReference = 2EB8773824E4087500C0EDB1 /* VirtualTouristUITests.xctest */;
			productType = "com.apple.product-type.bundle.ui-testing";
		};
/* End PBXNativeTarget section */

/* Begin PBXProject section */
		2EB8770F24E4086F00C0EDB1 /* Project object */ = {
			isa = PBXProject;
			attributes = {
				LastSwiftUpdateCheck = 1160;
				LastUpgradeCheck = 1160;
				ORGANIZATIONNAME = "Sarah Alhabib";
				TargetAttributes = {
					2EB8771624E4086F00C0EDB1 = {
						CreatedOnToolsVersion = 11.6;
					};
					2EB8772C24E4087500C0EDB1 = {
						CreatedOnToolsVersion = 11.6;
						TestTargetID = 2EB8771624E4086F00C0EDB1;
					};
					2EB8773724E4087500C0EDB1 = {
						CreatedOnToolsVersion = 11.6;
						TestTargetID = 2EB8771624E4086F00C0EDB1;
					};
				};
			};
			buildConfigurationList = 2EB8771224E4086F00C0EDB1 /* Build configuration list for PBXProject "VirtualTourist" */;
			compatibilityVersion = "Xcode 9.3";
			developmentRegion = en;
			hasScannedForEncodings = 0;
			knownRegions = (
				en,
				Base,
			);
			mainGroup = 2EB8770E24E4086F00C0EDB1;
			productRefGroup = 2EB8771824E4086F00C0EDB1 /* Products */;
			projectDirPath = "";
			projectRoot = "";
			targets = (
				2EB8771624E4086F00C0EDB1 /* VirtualTourist */,
				2EB8772C24E4087500C0EDB1 /* VirtualTouristTests */,
				2EB8773724E4087500C0EDB1 /* VirtualTouristUITests */,
			);
		};
/* End PBXProject section */

/* Begin PBXResourcesBuildPhase section */
		2EB8771524E4086F00C0EDB1 /* Resources */ = {
			isa = PBXResourcesBuildPhase;
			buildActionMask = 2147483647;
			files = (
				2EB8772724E4087500C0EDB1 /* LaunchScreen.storyboard in Resources */,
				2EB8772424E4087500C0EDB1 /* Assets.xcassets in Resources */,
				2EB8772224E4086F00C0EDB1 /* Main.storyboard in Resources */,
			);
			runOnlyForDeploymentPostprocessing = 0;
		};
		2EB8772B24E4087500C0EDB1 /* Resources */ = {
			isa = PBXResourcesBuildPhase;
			buildActionMask = 2147483647;
			files = (
			);
			runOnlyForDeploymentPostprocessing = 0;
		};
		2EB8773624E4087500C0EDB1 /* Resources */ = {
			isa = PBXResourcesBuildPhase;
			buildActionMask = 2147483647;
			files = (
			);
			runOnlyForDeploymentPostprocessing = 0;
		};
/* End PBXResourcesBuildPhase section */

/* Begin PBXSourcesBuildPhase section */
		2EB8771324E4086F00C0EDB1 /* Sources */ = {
			isa = PBXSourcesBuildPhase;
			buildActionMask = 2147483647;
			files = (
				2EB8774D24E40A6700C0EDB1 /* VirtualTourist.xcdatamodeld in Sources */,
				2EB8771F24E4086F00C0EDB1 /* ViewController.swift in Sources */,
				2EB8771B24E4086F00C0EDB1 /* AppDelegate.swift in Sources */,
				2EB8771D24E4086F00C0EDB1 /* SceneDelegate.swift in Sources */,
			);
			runOnlyForDeploymentPostprocessing = 0;
		};
		2EB8772924E4087500C0EDB1 /* Sources */ = {
			isa = PBXSourcesBuildPhase;
			buildActionMask = 2147483647;
			files = (
				2EB8773224E4087500C0EDB1 /* VirtualTouristTests.swift in Sources */,
			);
			runOnlyForDeploymentPostprocessing = 0;
		};
		2EB8773424E4087500C0EDB1 /* Sources */ = {
			isa = PBXSourcesBuildPhase;
			buildActionMask = 2147483647;
			files = (
				2EB8773D24E4087500C0EDB1 /* VirtualTouristUITests.swift in Sources */,
			);
			runOnlyForDeploymentPostprocessing = 0;
		};
/* End PBXSourcesBuildPhase section */

/* Begin PBXTargetDependency section */
		2EB8772F24E4087500C0EDB1 /* PBXTargetDependency */ = {
			isa = PBXTargetDependency;
			target = 2EB8771624E4086F00C0EDB1 /* VirtualTourist */;
			targetProxy = 2EB8772E24E4087500C0EDB1 /* PBXContainerItemProxy */;
		};
		2EB8773A24E4087500C0EDB1 /* PBXTargetDependency */ = {
			isa = PBXTargetDependency;
			target = 2EB8771624E4086F00C0EDB1 /* VirtualTourist */;
			targetProxy = 2EB8773924E4087500C0EDB1 /* PBXContainerItemProxy */;
		};
/* End PBXTargetDependency section */

/* Begin PBXVariantGroup section */
		2EB8772024E4086F00C0EDB1 /* Main.storyboard */ = {
			isa = PBXVariantGroup;
			children = (
				2EB8772124E4086F00C0EDB1 /* Base */,
			);
			name = Main.storyboard;
			sourceTree = "<group>";
		};
		2EB8772524E4087500C0EDB1 /* LaunchScreen.storyboard */ = {
			isa = PBXVariantGroup;
			children = (
				2EB8772624E4087500C0EDB1 /* Base */,
			);
			name = LaunchScreen.storyboard;
			sourceTree = "<group>";
		};
/* End PBXVariantGroup section */

/* Begin XCBuildConfiguration section */
		2EB8773F24E4087500C0EDB1 /* Debug */ = {
			isa = XCBuildConfiguration;
			buildSettings = {
				ALWAYS_SEARCH_USER_PATHS = NO;
				CLANG_ANALYZER_NONNULL = YES;
				CLANG_ANALYZER_NUMBER_OBJECT_CONVERSION = YES_AGGRESSIVE;
				CLANG_CXX_LANGUAGE_STANDARD = "gnu++14";
				CLANG_CXX_LIBRARY = "libc++";
				CLANG_ENABLE_MODULES = YES;
				CLANG_ENABLE_OBJC_ARC = YES;
				CLANG_ENABLE_OBJC_WEAK = YES;
				CLANG_WARN_BLOCK_CAPTURE_AUTORELEASING = YES;
				CLANG_WARN_BOOL_CONVERSION = YES;
				CLANG_WARN_COMMA = YES;
				CLANG_WARN_CONSTANT_CONVERSION = YES;
				CLANG_WARN_DEPRECATED_OBJC_IMPLEMENTATIONS = YES;
				CLANG_WARN_DIRECT_OBJC_ISA_USAGE = YES_ERROR;
				CLANG_WARN_DOCUMENTATION_COMMENTS = YES;
				CLANG_WARN_EMPTY_BODY = YES;
				CLANG_WARN_ENUM_CONVERSION = YES;
				CLANG_WARN_INFINITE_RECURSION = YES;
				CLANG_WARN_INT_CONVERSION = YES;
				CLANG_WARN_NON_LITERAL_NULL_CONVERSION = YES;
				CLANG_WARN_OBJC_IMPLICIT_RETAIN_SELF = YES;
				CLANG_WARN_OBJC_LITERAL_CONVERSION = YES;
				CLANG_WARN_OBJC_ROOT_CLASS = YES_ERROR;
				CLANG_WARN_RANGE_LOOP_ANALYSIS = YES;
				CLANG_WARN_STRICT_PROTOTYPES = YES;
				CLANG_WARN_SUSPICIOUS_MOVE = YES;
				CLANG_WARN_UNGUARDED_AVAILABILITY = YES_AGGRESSIVE;
				CLANG_WARN_UNREACHABLE_CODE = YES;
				CLANG_WARN__DUPLICATE_METHOD_MATCH = YES;
				COPY_PHASE_STRIP = NO;
				DEBUG_INFORMATION_FORMAT = dwarf;
				ENABLE_STRICT_OBJC_MSGSEND = YES;
				ENABLE_TESTABILITY = YES;
				GCC_C_LANGUAGE_STANDARD = gnu11;
				GCC_DYNAMIC_NO_PIC = NO;
				GCC_NO_COMMON_BLOCKS = YES;
				GCC_OPTIMIZATION_LEVEL = 0;
				GCC_PREPROCESSOR_DEFINITIONS = (
					"DEBUG=1",
					"$(inherited)",
				);
				GCC_WARN_64_TO_32_BIT_CONVERSION = YES;
				GCC_WARN_ABOUT_RETURN_TYPE = YES_ERROR;
				GCC_WARN_UNDECLARED_SELECTOR = YES;
				GCC_WARN_UNINITIALIZED_AUTOS = YES_AGGRESSIVE;
				GCC_WARN_UNUSED_FUNCTION = YES;
				GCC_WARN_UNUSED_VARIABLE = YES;
				IPHONEOS_DEPLOYMENT_TARGET = 13.6;
				MTL_ENABLE_DEBUG_INFO = INCLUDE_SOURCE;
				MTL_FAST_MATH = YES;
				ONLY_ACTIVE_ARCH = YES;
				SDKROOT = iphoneos;
				SWIFT_ACTIVE_COMPILATION_CONDITIONS = DEBUG;
				SWIFT_OPTIMIZATION_LEVEL = "-Onone";
			};
			name = Debug;
		};
		2EB8774024E4087500C0EDB1 /* Release */ = {
			isa = XCBuildConfiguration;
			buildSettings = {
				ALWAYS_SEARCH_USER_PATHS = NO;
				CLANG_ANALYZER_NONNULL = YES;
				CLANG_ANALYZER_NUMBER_OBJECT_CONVERSION = YES_AGGRESSIVE;
				CLANG_CXX_LANGUAGE_STANDARD = "gnu++14";
				CLANG_CXX_LIBRARY = "libc++";
				CLANG_ENABLE_MODULES = YES;
				CLANG_ENABLE_OBJC_ARC = YES;
				CLANG_ENABLE_OBJC_WEAK = YES;
				CLANG_WARN_BLOCK_CAPTURE_AUTORELEASING = YES;
				CLANG_WARN_BOOL_CONVERSION = YES;
				CLANG_WARN_COMMA = YES;
				CLANG_WARN_CONSTANT_CONVERSION = YES;
				CLANG_WARN_DEPRECATED_OBJC_IMPLEMENTATIONS = YES;
				CLANG_WARN_DIRECT_OBJC_ISA_USAGE = YES_ERROR;
				CLANG_WARN_DOCUMENTATION_COMMENTS = YES;
				CLANG_WARN_EMPTY_BODY = YES;
				CLANG_WARN_ENUM_CONVERSION = YES;
				CLANG_WARN_INFINITE_RECURSION = YES;
				CLANG_WARN_INT_CONVERSION = YES;
				CLANG_WARN_NON_LITERAL_NULL_CONVERSION = YES;
				CLANG_WARN_OBJC_IMPLICIT_RETAIN_SELF = YES;
				CLANG_WARN_OBJC_LITERAL_CONVERSION = YES;
				CLANG_WARN_OBJC_ROOT_CLASS = YES_ERROR;
				CLANG_WARN_RANGE_LOOP_ANALYSIS = YES;
				CLANG_WARN_STRICT_PROTOTYPES = YES;
				CLANG_WARN_SUSPICIOUS_MOVE = YES;
				CLANG_WARN_UNGUARDED_AVAILABILITY = YES_AGGRESSIVE;
				CLANG_WARN_UNREACHABLE_CODE = YES;
				CLANG_WARN__DUPLICATE_METHOD_MATCH = YES;
				COPY_PHASE_STRIP = NO;
				DEBUG_INFORMATION_FORMAT = "dwarf-with-dsym";
				ENABLE_NS_ASSERTIONS = NO;
				ENABLE_STRICT_OBJC_MSGSEND = YES;
				GCC_C_LANGUAGE_STANDARD = gnu11;
				GCC_NO_COMMON_BLOCKS = YES;
				GCC_WARN_64_TO_32_BIT_CONVERSION = YES;
				GCC_WARN_ABOUT_RETURN_TYPE = YES_ERROR;
				GCC_WARN_UNDECLARED_SELECTOR = YES;
				GCC_WARN_UNINITIALIZED_AUTOS = YES_AGGRESSIVE;
				GCC_WARN_UNUSED_FUNCTION = YES;
				GCC_WARN_UNUSED_VARIABLE = YES;
				IPHONEOS_DEPLOYMENT_TARGET = 13.6;
				MTL_ENABLE_DEBUG_INFO = NO;
				MTL_FAST_MATH = YES;
				SDKROOT = iphoneos;
				SWIFT_COMPILATION_MODE = wholemodule;
				SWIFT_OPTIMIZATION_LEVEL = "-O";
				VALIDATE_PRODUCT = YES;
			};
			name = Release;
		};
		2EB8774224E4087500C0EDB1 /* Debug */ = {
			isa = XCBuildConfiguration;
			buildSettings = {
				ASSETCATALOG_COMPILER_APPICON_NAME = AppIcon;
				CODE_SIGN_STYLE = Automatic;
				INFOPLIST_FILE = VirtualTourist/Info.plist;
				LD_RUNPATH_SEARCH_PATHS = (
					"$(inherited)",
					"@executable_path/Frameworks",
				);
				PRODUCT_BUNDLE_IDENTIFIER = com.sarahalhabib.VirtualTourist.VirtualTourist;
				PRODUCT_NAME = "$(TARGET_NAME)";
				SWIFT_VERSION = 5.0;
				TARGETED_DEVICE_FAMILY = "1,2";
			};
			name = Debug;
		};
		2EB8774324E4087500C0EDB1 /* Release */ = {
			isa = XCBuildConfiguration;
			buildSettings = {
				ASSETCATALOG_COMPILER_APPICON_NAME = AppIcon;
				CODE_SIGN_STYLE = Automatic;
				INFOPLIST_FILE = VirtualTourist/Info.plist;
				LD_RUNPATH_SEARCH_PATHS = (
					"$(inherited)",
					"@executable_path/Frameworks",
				);
				PRODUCT_BUNDLE_IDENTIFIER = com.sarahalhabib.VirtualTourist.VirtualTourist;
				PRODUCT_NAME = "$(TARGET_NAME)";
				SWIFT_VERSION = 5.0;
				TARGETED_DEVICE_FAMILY = "1,2";
			};
			name = Release;
		};
		2EB8774524E4087500C0EDB1 /* Debug */ = {
			isa = XCBuildConfiguration;
			buildSettings = {
				ALWAYS_EMBED_SWIFT_STANDARD_LIBRARIES = YES;
				BUNDLE_LOADER = "$(TEST_HOST)";
				CODE_SIGN_STYLE = Automatic;
				INFOPLIST_FILE = VirtualTouristTests/Info.plist;
				IPHONEOS_DEPLOYMENT_TARGET = 13.6;
				LD_RUNPATH_SEARCH_PATHS = (
					"$(inherited)",
					"@executable_path/Frameworks",
					"@loader_path/Frameworks",
				);
				PRODUCT_BUNDLE_IDENTIFIER = com.sarahalhabib.VirtualTourist.VirtualTouristTests;
				PRODUCT_NAME = "$(TARGET_NAME)";
				SWIFT_VERSION = 5.0;
				TARGETED_DEVICE_FAMILY = "1,2";
				TEST_HOST = "$(BUILT_PRODUCTS_DIR)/VirtualTourist.app/VirtualTourist";
			};
			name = Debug;
		};
		2EB8774624E4087500C0EDB1 /* Release */ = {
			isa = XCBuildConfiguration;
			buildSettings = {
				ALWAYS_EMBED_SWIFT_STANDARD_LIBRARIES = YES;
				BUNDLE_LOADER = "$(TEST_HOST)";
				CODE_SIGN_STYLE = Automatic;
				INFOPLIST_FILE = VirtualTouristTests/Info.plist;
				IPHONEOS_DEPLOYMENT_TARGET = 13.6;
				LD_RUNPATH_SEARCH_PATHS = (
					"$(inherited)",
					"@executable_path/Frameworks",
					"@loader_path/Frameworks",
				);
				PRODUCT_BUNDLE_IDENTIFIER = com.sarahalhabib.VirtualTourist.VirtualTouristTests;
				PRODUCT_NAME = "$(TARGET_NAME)";
				SWIFT_VERSION = 5.0;
				TARGETED_DEVICE_FAMILY = "1,2";
				TEST_HOST = "$(BUILT_PRODUCTS_DIR)/VirtualTourist.app/VirtualTourist";
			};
			name = Release;
		};
		2EB8774824E4087500C0EDB1 /* Debug */ = {
			isa = XCBuildConfiguration;
			buildSettings = {
				ALWAYS_EMBED_SWIFT_STANDARD_LIBRARIES = YES;
				CODE_SIGN_STYLE = Automatic;
				INFOPLIST_FILE = VirtualTouristUITests/Info.plist;
				LD_RUNPATH_SEARCH_PATHS = (
					"$(inherited)",
					"@executable_path/Frameworks",
					"@loader_path/Frameworks",
				);
				PRODUCT_BUNDLE_IDENTIFIER = com.sarahalhabib.VirtualTourist.VirtualTouristUITests;
				PRODUCT_NAME = "$(TARGET_NAME)";
				SWIFT_VERSION = 5.0;
				TARGETED_DEVICE_FAMILY = "1,2";
				TEST_TARGET_NAME = VirtualTourist;
			};
			name = Debug;
		};
		2EB8774924E4087500C0EDB1 /* Release */ = {
			isa = XCBuildConfiguration;
			buildSettings = {
				ALWAYS_EMBED_SWIFT_STANDARD_LIBRARIES = YES;
				CODE_SIGN_STYLE = Automatic;
				INFOPLIST_FILE = VirtualTouristUITests/Info.plist;
				LD_RUNPATH_SEARCH_PATHS = (
					"$(inherited)",
					"@executable_path/Frameworks",
					"@loader_path/Frameworks",
				);
				PRODUCT_BUNDLE_IDENTIFIER = com.sarahalhabib.VirtualTourist.VirtualTouristUITests;
				PRODUCT_NAME = "$(TARGET_NAME)";
				SWIFT_VERSION = 5.0;
				TARGETED_DEVICE_FAMILY = "1,2";
				TEST_TARGET_NAME = VirtualTourist;
			};
			name = Release;
		};
/* End XCBuildConfiguration section */

/* Begin XCConfigurationList section */
		2EB8771224E4086F00C0EDB1 /* Build configuration list for PBXProject "VirtualTourist" */ = {
			isa = XCConfigurationList;
			buildConfigurations = (
				2EB8773F24E4087500C0EDB1 /* Debug */,
				2EB8774024E4087500C0EDB1 /* Release */,
			);
			defaultConfigurationIsVisible = 0;
			defaultConfigurationName = Release;
		};
		2EB8774124E4087500C0EDB1 /* Build configuration list for PBXNativeTarget "VirtualTourist" */ = {
			isa = XCConfigurationList;
			buildConfigurations = (
				2EB8774224E4087500C0EDB1 /* Debug */,
				2EB8774324E4087500C0EDB1 /* Release */,
			);
			defaultConfigurationIsVisible = 0;
			defaultConfigurationName = Release;
		};
		2EB8774424E4087500C0EDB1 /* Build configuration list for PBXNativeTarget "VirtualTouristTests" */ = {
			isa = XCConfigurationList;
			buildConfigurations = (
				2EB8774524E4087500C0EDB1 /* Debug */,
				2EB8774624E4087500C0EDB1 /* Release */,
			);
			defaultConfigurationIsVisible = 0;
			defaultConfigurationName = Release;
		};
		2EB8774724E4087500C0EDB1 /* Build configuration list for PBXNativeTarget "VirtualTouristUITests" */ = {
			isa = XCConfigurationList;
			buildConfigurations = (
				2EB8774824E4087500C0EDB1 /* Debug */,
				2EB8774924E4087500C0EDB1 /* Release */,
			);
			defaultConfigurationIsVisible = 0;
			defaultConfigurationName = Release;
		};
/* End XCConfigurationList section */

/* Begin XCVersionGroup section */
		2EB8774B24E40A6700C0EDB1 /* VirtualTourist.xcdatamodeld */ = {
			isa = XCVersionGroup;
			children = (
				2EB8774C24E40A6700C0EDB1 /* VirtualTourist.xcdatamodel */,
			);
			currentVersion = 2EB8774C24E40A6700C0EDB1 /* VirtualTourist.xcdatamodel */;
			path = VirtualTourist.xcdatamodeld;
			sourceTree = "<group>";
			versionGroupType = wrapper.xcdatamodel;
		};
/* End XCVersionGroup section */
	};
	rootObject = 2EB8770F24E4086F00C0EDB1 /* Project object */;
}
